// !$*UTF8*$!
{
	archiveVersion = 1;
	classes = {
	};
	objectVersion = 50;
	objects = {

/* Begin PBXBuildFile section */
		223CA2BC20F7B08500106192 /* BooksListVM.swift in Sources */ = {isa = PBXBuildFile; fileRef = 223CA2BB20F7B08500106192 /* BooksListVM.swift */; };
		223CA2BE20F7B0E600106192 /* BRBooksListVM.swift in Sources */ = {isa = PBXBuildFile; fileRef = 223CA2BD20F7B0E600106192 /* BRBooksListVM.swift */; };
		223CA2CD20F7B3DC00106192 /* BookTVCell.swift in Sources */ = {isa = PBXBuildFile; fileRef = 223CA2CB20F7B3DC00106192 /* BookTVCell.swift */; };
		223CA2CE20F7B3DC00106192 /* BookTVCell.xib in Resources */ = {isa = PBXBuildFile; fileRef = 223CA2CC20F7B3DC00106192 /* BookTVCell.xib */; };
		223CA2D020F7B44000106192 /* GlobalValues.swift in Sources */ = {isa = PBXBuildFile; fileRef = 223CA2CF20F7B44000106192 /* GlobalValues.swift */; };
		223CA2D220F7B4ED00106192 /* BookVM.swift in Sources */ = {isa = PBXBuildFile; fileRef = 223CA2D120F7B4ED00106192 /* BookVM.swift */; };
		223CA2D420F7B56500106192 /* BRBookVM.swift in Sources */ = {isa = PBXBuildFile; fileRef = 223CA2D320F7B56500106192 /* BRBookVM.swift */; };
		223CA2D720F7B75800106192 /* UIColor+Extensions.swift in Sources */ = {isa = PBXBuildFile; fileRef = 223CA2D620F7B75800106192 /* UIColor+Extensions.swift */; };
		223CA2DA20F7BD9400106192 /* Collection+Extensions.swift in Sources */ = {isa = PBXBuildFile; fileRef = 223CA2D920F7BD9400106192 /* Collection+Extensions.swift */; };
		223CA2DC20F7C30200106192 /* UIViewController+Extensions.swift in Sources */ = {isa = PBXBuildFile; fileRef = 223CA2DB20F7C30200106192 /* UIViewController+Extensions.swift */; };
		223CA2DF20F7C34600106192 /* Localizable.strings in Resources */ = {isa = PBXBuildFile; fileRef = 223CA2E120F7C34600106192 /* Localizable.strings */; };
		223CA2E720F7C3C600106192 /* String+Extensions.swift in Sources */ = {isa = PBXBuildFile; fileRef = 223CA2E620F7C3C600106192 /* String+Extensions.swift */; };
		223CA2EE20F7C78500106192 /* BookDetailsVC.swift in Sources */ = {isa = PBXBuildFile; fileRef = 223CA2EC20F7C78500106192 /* BookDetailsVC.swift */; };
		223CA2EF20F7C78500106192 /* BookDetailsVC.xib in Resources */ = {isa = PBXBuildFile; fileRef = 223CA2ED20F7C78500106192 /* BookDetailsVC.xib */; };
		223CA2F120F7FC1000106192 /* RequestManager+ImageDownload.swift in Sources */ = {isa = PBXBuildFile; fileRef = 223CA2F020F7FC1000106192 /* RequestManager+ImageDownload.swift */; };
		223CA2F320F7FC7200106192 /* BooksVC+Delegates.swift in Sources */ = {isa = PBXBuildFile; fileRef = 223CA2F220F7FC7200106192 /* BooksVC+Delegates.swift */; };
		22629FEB20F68A5A004E45C6 /* AppDelegate.swift in Sources */ = {isa = PBXBuildFile; fileRef = 22629FEA20F68A5A004E45C6 /* AppDelegate.swift */; };
		22629FED20F68A5A004E45C6 /* BooksVC.swift in Sources */ = {isa = PBXBuildFile; fileRef = 22629FEC20F68A5A004E45C6 /* BooksVC.swift */; };
		22629FF020F68A5A004E45C6 /* Main.storyboard in Resources */ = {isa = PBXBuildFile; fileRef = 22629FEE20F68A5A004E45C6 /* Main.storyboard */; };
		22629FF220F68A5D004E45C6 /* Assets.xcassets in Resources */ = {isa = PBXBuildFile; fileRef = 22629FF120F68A5D004E45C6 /* Assets.xcassets */; };
		22629FF520F68A5D004E45C6 /* LaunchScreen.storyboard in Resources */ = {isa = PBXBuildFile; fileRef = 22629FF320F68A5D004E45C6 /* LaunchScreen.storyboard */; };
		22629FFD20F68D34004E45C6 /* RequestManager.swift in Sources */ = {isa = PBXBuildFile; fileRef = 22629FFC20F68D34004E45C6 /* RequestManager.swift */; };
		22629FFF20F69249004E45C6 /* Book.swift in Sources */ = {isa = PBXBuildFile; fileRef = 22629FFE20F69249004E45C6 /* Book.swift */; };
		2262A00120F692F1004E45C6 /* BRBook.swift in Sources */ = {isa = PBXBuildFile; fileRef = 2262A00020F692F1004E45C6 /* BRBook.swift */; };
		226FA1A720F8FCDB00DA740B /* AddNewBookVC.swift in Sources */ = {isa = PBXBuildFile; fileRef = 226FA1A520F8FCDB00DA740B /* AddNewBookVC.swift */; };
		226FA1A820F8FCDB00DA740B /* AddNewBookVC.xib in Resources */ = {isa = PBXBuildFile; fileRef = 226FA1A620F8FCDB00DA740B /* AddNewBookVC.xib */; };
		226FA1AF20F9163500DA740B /* AddNewBookVM.swift in Sources */ = {isa = PBXBuildFile; fileRef = 226FA1AE20F9163500DA740B /* AddNewBookVM.swift */; };
		226FA1B120F916B300DA740B /* BRAddNewBookVM.swift in Sources */ = {isa = PBXBuildFile; fileRef = 226FA1B020F916B300DA740B /* BRAddNewBookVM.swift */; };
		226FA1B320F92FCE00DA740B /* AddNewBookVC+Delegates.swift in Sources */ = {isa = PBXBuildFile; fileRef = 226FA1B220F92FCE00DA740B /* AddNewBookVC+Delegates.swift */; };
/* End PBXBuildFile section */

/* Begin PBXFileReference section */
		223CA2BB20F7B08500106192 /* BooksListVM.swift */ = {isa = PBXFileReference; lastKnownFileType = sourcecode.swift; path = BooksListVM.swift; sourceTree = "<group>"; };
		223CA2BD20F7B0E600106192 /* BRBooksListVM.swift */ = {isa = PBXFileReference; lastKnownFileType = sourcecode.swift; path = BRBooksListVM.swift; sourceTree = "<group>"; };
		223CA2CB20F7B3DC00106192 /* BookTVCell.swift */ = {isa = PBXFileReference; lastKnownFileType = sourcecode.swift; path = BookTVCell.swift; sourceTree = "<group>"; };
		223CA2CC20F7B3DC00106192 /* BookTVCell.xib */ = {isa = PBXFileReference; lastKnownFileType = file.xib; path = BookTVCell.xib; sourceTree = "<group>"; };
		223CA2CF20F7B44000106192 /* GlobalValues.swift */ = {isa = PBXFileReference; lastKnownFileType = sourcecode.swift; path = GlobalValues.swift; sourceTree = "<group>"; };
		223CA2D120F7B4ED00106192 /* BookVM.swift */ = {isa = PBXFileReference; lastKnownFileType = sourcecode.swift; path = BookVM.swift; sourceTree = "<group>"; };
		223CA2D320F7B56500106192 /* BRBookVM.swift */ = {isa = PBXFileReference; lastKnownFileType = sourcecode.swift; path = BRBookVM.swift; sourceTree = "<group>"; };
		223CA2D620F7B75800106192 /* UIColor+Extensions.swift */ = {isa = PBXFileReference; lastKnownFileType = sourcecode.swift; path = "UIColor+Extensions.swift"; sourceTree = "<group>"; };
		223CA2D920F7BD9400106192 /* Collection+Extensions.swift */ = {isa = PBXFileReference; lastKnownFileType = sourcecode.swift; path = "Collection+Extensions.swift"; sourceTree = "<group>"; };
		223CA2DB20F7C30200106192 /* UIViewController+Extensions.swift */ = {isa = PBXFileReference; lastKnownFileType = sourcecode.swift; path = "UIViewController+Extensions.swift"; sourceTree = "<group>"; };
		223CA2E020F7C34600106192 /* en */ = {isa = PBXFileReference; lastKnownFileType = text.plist.strings; name = en; path = en.lproj/Localizable.strings; sourceTree = "<group>"; };
		223CA2E220F7C35D00106192 /* pl */ = {isa = PBXFileReference; lastKnownFileType = text.plist.strings; name = pl; path = pl.lproj/Main.strings; sourceTree = "<group>"; };
		223CA2E320F7C35D00106192 /* pl */ = {isa = PBXFileReference; lastKnownFileType = text.plist.strings; name = pl; path = pl.lproj/LaunchScreen.strings; sourceTree = "<group>"; };
		223CA2E420F7C35D00106192 /* pl */ = {isa = PBXFileReference; lastKnownFileType = text.plist.strings; name = pl; path = pl.lproj/Localizable.strings; sourceTree = "<group>"; };
		223CA2E620F7C3C600106192 /* String+Extensions.swift */ = {isa = PBXFileReference; lastKnownFileType = sourcecode.swift; path = "String+Extensions.swift"; sourceTree = "<group>"; };
		223CA2EC20F7C78500106192 /* BookDetailsVC.swift */ = {isa = PBXFileReference; lastKnownFileType = sourcecode.swift; path = BookDetailsVC.swift; sourceTree = "<group>"; };
		223CA2ED20F7C78500106192 /* BookDetailsVC.xib */ = {isa = PBXFileReference; lastKnownFileType = file.xib; path = BookDetailsVC.xib; sourceTree = "<group>"; };
		223CA2F020F7FC1000106192 /* RequestManager+ImageDownload.swift */ = {isa = PBXFileReference; lastKnownFileType = sourcecode.swift; path = "RequestManager+ImageDownload.swift"; sourceTree = "<group>"; };
		223CA2F220F7FC7200106192 /* BooksVC+Delegates.swift */ = {isa = PBXFileReference; lastKnownFileType = sourcecode.swift; path = "BooksVC+Delegates.swift"; sourceTree = "<group>"; };
		22629FE720F68A5A004E45C6 /* Booker.app */ = {isa = PBXFileReference; explicitFileType = wrapper.application; includeInIndex = 0; path = Booker.app; sourceTree = BUILT_PRODUCTS_DIR; };
		22629FEA20F68A5A004E45C6 /* AppDelegate.swift */ = {isa = PBXFileReference; lastKnownFileType = sourcecode.swift; path = AppDelegate.swift; sourceTree = "<group>"; };
		22629FEC20F68A5A004E45C6 /* BooksVC.swift */ = {isa = PBXFileReference; lastKnownFileType = sourcecode.swift; path = BooksVC.swift; sourceTree = "<group>"; };
		22629FEF20F68A5A004E45C6 /* Base */ = {isa = PBXFileReference; lastKnownFileType = file.storyboard; name = Base; path = Base.lproj/Main.storyboard; sourceTree = "<group>"; };
		22629FF120F68A5D004E45C6 /* Assets.xcassets */ = {isa = PBXFileReference; lastKnownFileType = folder.assetcatalog; path = Assets.xcassets; sourceTree = "<group>"; };
		22629FF420F68A5D004E45C6 /* Base */ = {isa = PBXFileReference; lastKnownFileType = file.storyboard; name = Base; path = Base.lproj/LaunchScreen.storyboard; sourceTree = "<group>"; };
		22629FF620F68A5D004E45C6 /* Info.plist */ = {isa = PBXFileReference; lastKnownFileType = text.plist.xml; path = Info.plist; sourceTree = "<group>"; };
		22629FFC20F68D34004E45C6 /* RequestManager.swift */ = {isa = PBXFileReference; lastKnownFileType = sourcecode.swift; path = RequestManager.swift; sourceTree = "<group>"; };
		22629FFE20F69249004E45C6 /* Book.swift */ = {isa = PBXFileReference; lastKnownFileType = sourcecode.swift; path = Book.swift; sourceTree = "<group>"; };
		2262A00020F692F1004E45C6 /* BRBook.swift */ = {isa = PBXFileReference; lastKnownFileType = sourcecode.swift; path = BRBook.swift; sourceTree = "<group>"; };
		226FA1A520F8FCDB00DA740B /* AddNewBookVC.swift */ = {isa = PBXFileReference; lastKnownFileType = sourcecode.swift; path = AddNewBookVC.swift; sourceTree = "<group>"; };
		226FA1A620F8FCDB00DA740B /* AddNewBookVC.xib */ = {isa = PBXFileReference; lastKnownFileType = file.xib; path = AddNewBookVC.xib; sourceTree = "<group>"; };
		226FA1AE20F9163500DA740B /* AddNewBookVM.swift */ = {isa = PBXFileReference; lastKnownFileType = sourcecode.swift; path = AddNewBookVM.swift; sourceTree = "<group>"; };
		226FA1B020F916B300DA740B /* BRAddNewBookVM.swift */ = {isa = PBXFileReference; lastKnownFileType = sourcecode.swift; path = BRAddNewBookVM.swift; sourceTree = "<group>"; };
		226FA1B220F92FCE00DA740B /* AddNewBookVC+Delegates.swift */ = {isa = PBXFileReference; lastKnownFileType = sourcecode.swift; path = "AddNewBookVC+Delegates.swift"; sourceTree = "<group>"; };
/* End PBXFileReference section */

/* Begin PBXFrameworksBuildPhase section */
		22629FE420F68A5A004E45C6 /* Frameworks */ = {
			isa = PBXFrameworksBuildPhase;
			buildActionMask = 2147483647;
			files = (
			);
			runOnlyForDeploymentPostprocessing = 0;
		};
/* End PBXFrameworksBuildPhase section */

/* Begin PBXGroup section */
		223CA2BA20F7B05B00106192 /* ViewModels */ = {
			isa = PBXGroup;
			children = (
				226FA1AD20F9156D00DA740B /* AddNewBook */,
				223CA2F620F7FD0F00106192 /* BooksList */,
				223CA2F720F7FD1A00106192 /* BookDetails */,
				22629FF320F68A5D004E45C6 /* LaunchScreen.storyboard */,
			);
			path = ViewModels;
			sourceTree = "<group>";
		};
		223CA2BF20F7B1B200106192 /* Views */ = {
			isa = PBXGroup;
			children = (
				226FA1A420F8FCAB00DA740B /* AddNewBook */,
				223CA2F420F7FCD600106192 /* BooksList */,
				223CA2F520F7FCF500106192 /* BookDetails */,
			);
			path = Views;
			sourceTree = "<group>";
		};
		223CA2C020F7B1C000106192 /* Networking */ = {
			isa = PBXGroup;
			children = (
				22629FFC20F68D34004E45C6 /* RequestManager.swift */,
				223CA2F020F7FC1000106192 /* RequestManager+ImageDownload.swift */,
			);
			path = Networking;
			sourceTree = "<group>";
		};
		223CA2C120F7B1D300106192 /* Models */ = {
			isa = PBXGroup;
			children = (
				22629FFE20F69249004E45C6 /* Book.swift */,
				2262A00020F692F1004E45C6 /* BRBook.swift */,
			);
			path = Models;
			sourceTree = "<group>";
		};
		223CA2C220F7B1DF00106192 /* Cells */ = {
			isa = PBXGroup;
			children = (
				223CA2CB20F7B3DC00106192 /* BookTVCell.swift */,
				223CA2CC20F7B3DC00106192 /* BookTVCell.xib */,
			);
			path = Cells;
			sourceTree = "<group>";
		};
		223CA2D520F7B74900106192 /* Common */ = {
			isa = PBXGroup;
			children = (
				223CA2CF20F7B44000106192 /* GlobalValues.swift */,
				223CA2D820F7BD8300106192 /* Extensions */,
			);
			path = Common;
			sourceTree = "<group>";
		};
		223CA2D820F7BD8300106192 /* Extensions */ = {
			isa = PBXGroup;
			children = (
				223CA2D620F7B75800106192 /* UIColor+Extensions.swift */,
				223CA2D920F7BD9400106192 /* Collection+Extensions.swift */,
				223CA2DB20F7C30200106192 /* UIViewController+Extensions.swift */,
				223CA2E620F7C3C600106192 /* String+Extensions.swift */,
			);
			path = Extensions;
			sourceTree = "<group>";
		};
		223CA2F420F7FCD600106192 /* BooksList */ = {
			isa = PBXGroup;
			children = (
				223CA2C220F7B1DF00106192 /* Cells */,
				22629FEE20F68A5A004E45C6 /* Main.storyboard */,
				22629FEC20F68A5A004E45C6 /* BooksVC.swift */,
				223CA2F220F7FC7200106192 /* BooksVC+Delegates.swift */,
			);
			path = BooksList;
			sourceTree = "<group>";
		};
		223CA2F520F7FCF500106192 /* BookDetails */ = {
			isa = PBXGroup;
			children = (
				223CA2ED20F7C78500106192 /* BookDetailsVC.xib */,
				223CA2EC20F7C78500106192 /* BookDetailsVC.swift */,
			);
			path = BookDetails;
			sourceTree = "<group>";
		};
		223CA2F620F7FD0F00106192 /* BooksList */ = {
			isa = PBXGroup;
			children = (
				223CA2BB20F7B08500106192 /* BooksListVM.swift */,
				223CA2BD20F7B0E600106192 /* BRBooksListVM.swift */,
			);
			path = BooksList;
			sourceTree = "<group>";
		};
		223CA2F720F7FD1A00106192 /* BookDetails */ = {
			isa = PBXGroup;
			children = (
				223CA2D120F7B4ED00106192 /* BookVM.swift */,
				223CA2D320F7B56500106192 /* BRBookVM.swift */,
			);
			path = BookDetails;
			sourceTree = "<group>";
		};
		22629FDE20F68A5A004E45C6 = {
			isa = PBXGroup;
			children = (
				22629FE920F68A5A004E45C6 /* Booker */,
				22629FE820F68A5A004E45C6 /* Products */,
			);
			sourceTree = "<group>";
		};
		22629FE820F68A5A004E45C6 /* Products */ = {
			isa = PBXGroup;
			children = (
				22629FE720F68A5A004E45C6 /* Booker.app */,
			);
			name = Products;
			sourceTree = "<group>";
		};
		22629FE920F68A5A004E45C6 /* Booker */ = {
			isa = PBXGroup;
			children = (
				223CA2D520F7B74900106192 /* Common */,
				223CA2BF20F7B1B200106192 /* Views */,
				223CA2BA20F7B05B00106192 /* ViewModels */,
				223CA2C120F7B1D300106192 /* Models */,
				223CA2C020F7B1C000106192 /* Networking */,
				22629FEA20F68A5A004E45C6 /* AppDelegate.swift */,
				22629FF120F68A5D004E45C6 /* Assets.xcassets */,
				223CA2E120F7C34600106192 /* Localizable.strings */,
				22629FF620F68A5D004E45C6 /* Info.plist */,
			);
			path = Booker;
			sourceTree = "<group>";
		};
		226FA1A420F8FCAB00DA740B /* AddNewBook */ = {
			isa = PBXGroup;
			children = (
				226FA1A620F8FCDB00DA740B /* AddNewBookVC.xib */,
				226FA1A520F8FCDB00DA740B /* AddNewBookVC.swift */,
				226FA1B220F92FCE00DA740B /* AddNewBookVC+Delegates.swift */,
			);
			path = AddNewBook;
			sourceTree = "<group>";
		};
		226FA1AD20F9156D00DA740B /* AddNewBook */ = {
			isa = PBXGroup;
			children = (
				226FA1AE20F9163500DA740B /* AddNewBookVM.swift */,
				226FA1B020F916B300DA740B /* BRAddNewBookVM.swift */,
			);
			path = AddNewBook;
			sourceTree = "<group>";
		};
/* End PBXGroup section */

/* Begin PBXNativeTarget section */
		22629FE620F68A5A004E45C6 /* Booker */ = {
			isa = PBXNativeTarget;
			buildConfigurationList = 22629FF920F68A5D004E45C6 /* Build configuration list for PBXNativeTarget "Booker" */;
			buildPhases = (
				22629FE320F68A5A004E45C6 /* Sources */,
				22629FE420F68A5A004E45C6 /* Frameworks */,
				22629FE520F68A5A004E45C6 /* Resources */,
			);
			buildRules = (
			);
			dependencies = (
			);
			name = Booker;
			productName = Booker;
			productReference = 22629FE720F68A5A004E45C6 /* Booker.app */;
			productType = "com.apple.product-type.application";
		};
/* End PBXNativeTarget section */

/* Begin PBXProject section */
		22629FDF20F68A5A004E45C6 /* Project object */ = {
			isa = PBXProject;
			attributes = {
				LastSwiftUpdateCheck = 0940;
				LastUpgradeCheck = 0940;
				ORGANIZATIONNAME = "Kryg Tomasz";
				TargetAttributes = {
					22629FE620F68A5A004E45C6 = {
						CreatedOnToolsVersion = 9.4;
					};
				};
			};
			buildConfigurationList = 22629FE220F68A5A004E45C6 /* Build configuration list for PBXProject "Booker" */;
			compatibilityVersion = "Xcode 9.3";
			developmentRegion = en;
			hasScannedForEncodings = 0;
			knownRegions = (
				en,
				Base,
				pl,
			);
			mainGroup = 22629FDE20F68A5A004E45C6;
			productRefGroup = 22629FE820F68A5A004E45C6 /* Products */;
			projectDirPath = "";
			projectRoot = "";
			targets = (
				22629FE620F68A5A004E45C6 /* Booker */,
			);
		};
/* End PBXProject section */

/* Begin PBXResourcesBuildPhase section */
		22629FE520F68A5A004E45C6 /* Resources */ = {
			isa = PBXResourcesBuildPhase;
			buildActionMask = 2147483647;
			files = (
				223CA2DF20F7C34600106192 /* Localizable.strings in Resources */,
				226FA1A820F8FCDB00DA740B /* AddNewBookVC.xib in Resources */,
				223CA2CE20F7B3DC00106192 /* BookTVCell.xib in Resources */,
				223CA2EF20F7C78500106192 /* BookDetailsVC.xib in Resources */,
				22629FF520F68A5D004E45C6 /* LaunchScreen.storyboard in Resources */,
				22629FF220F68A5D004E45C6 /* Assets.xcassets in Resources */,
				22629FF020F68A5A004E45C6 /* Main.storyboard in Resources */,
			);
			runOnlyForDeploymentPostprocessing = 0;
		};
/* End PBXResourcesBuildPhase section */

/* Begin PBXSourcesBuildPhase section */
		22629FE320F68A5A004E45C6 /* Sources */ = {
			isa = PBXSourcesBuildPhase;
			buildActionMask = 2147483647;
			files = (
				223CA2CD20F7B3DC00106192 /* BookTVCell.swift in Sources */,
				223CA2D420F7B56500106192 /* BRBookVM.swift in Sources */,
				22629FFF20F69249004E45C6 /* Book.swift in Sources */,
				223CA2F120F7FC1000106192 /* RequestManager+ImageDownload.swift in Sources */,
				223CA2D720F7B75800106192 /* UIColor+Extensions.swift in Sources */,
				22629FFD20F68D34004E45C6 /* RequestManager.swift in Sources */,
				223CA2D220F7B4ED00106192 /* BookVM.swift in Sources */,
				226FA1B320F92FCE00DA740B /* AddNewBookVC+Delegates.swift in Sources */,
				226FA1B120F916B300DA740B /* BRAddNewBookVM.swift in Sources */,
				223CA2D020F7B44000106192 /* GlobalValues.swift in Sources */,
				223CA2DA20F7BD9400106192 /* Collection+Extensions.swift in Sources */,
				223CA2EE20F7C78500106192 /* BookDetailsVC.swift in Sources */,
				2262A00120F692F1004E45C6 /* BRBook.swift in Sources */,
				223CA2BE20F7B0E600106192 /* BRBooksListVM.swift in Sources */,
				223CA2F320F7FC7200106192 /* BooksVC+Delegates.swift in Sources */,
				223CA2E720F7C3C600106192 /* String+Extensions.swift in Sources */,
				226FA1AF20F9163500DA740B /* AddNewBookVM.swift in Sources */,
				223CA2DC20F7C30200106192 /* UIViewController+Extensions.swift in Sources */,
				223CA2BC20F7B08500106192 /* BooksListVM.swift in Sources */,
				22629FED20F68A5A004E45C6 /* BooksVC.swift in Sources */,
				22629FEB20F68A5A004E45C6 /* AppDelegate.swift in Sources */,
				226FA1A720F8FCDB00DA740B /* AddNewBookVC.swift in Sources */,
			);
			runOnlyForDeploymentPostprocessing = 0;
		};
/* End PBXSourcesBuildPhase section */

/* Begin PBXVariantGroup section */
		223CA2E120F7C34600106192 /* Localizable.strings */ = {
			isa = PBXVariantGroup;
			children = (
				223CA2E020F7C34600106192 /* en */,
				223CA2E420F7C35D00106192 /* pl */,
			);
			name = Localizable.strings;
			sourceTree = "<group>";
		};
		22629FEE20F68A5A004E45C6 /* Main.storyboard */ = {
			isa = PBXVariantGroup;
			children = (
				22629FEF20F68A5A004E45C6 /* Base */,
				223CA2E220F7C35D00106192 /* pl */,
			);
			name = Main.storyboard;
			sourceTree = "<group>";
		};
		22629FF320F68A5D004E45C6 /* LaunchScreen.storyboard */ = {
			isa = PBXVariantGroup;
			children = (
				22629FF420F68A5D004E45C6 /* Base */,
				223CA2E320F7C35D00106192 /* pl */,
			);
			name = LaunchScreen.storyboard;
			sourceTree = "<group>";
		};
/* End PBXVariantGroup section */

/* Begin XCBuildConfiguration section */
		22629FF720F68A5D004E45C6 /* Debug */ = {
			isa = XCBuildConfiguration;
			buildSettings = {
				ALWAYS_SEARCH_USER_PATHS = NO;
				CLANG_ANALYZER_LOCALIZABILITY_NONLOCALIZED = YES;
				CLANG_ANALYZER_NONNULL = YES;
				CLANG_ANALYZER_NUMBER_OBJECT_CONVERSION = YES_AGGRESSIVE;
				CLANG_CXX_LANGUAGE_STANDARD = "gnu++14";
				CLANG_CXX_LIBRARY = "libc++";
				CLANG_ENABLE_MODULES = YES;
				CLANG_ENABLE_OBJC_ARC = YES;
				CLANG_ENABLE_OBJC_WEAK = YES;
				CLANG_WARN_BLOCK_CAPTURE_AUTORELEASING = YES;
				CLANG_WARN_BOOL_CONVERSION = YES;
				CLANG_WARN_COMMA = YES;
				CLANG_WARN_CONSTANT_CONVERSION = YES;
				CLANG_WARN_DEPRECATED_OBJC_IMPLEMENTATIONS = YES;
				CLANG_WARN_DIRECT_OBJC_ISA_USAGE = YES_ERROR;
				CLANG_WARN_DOCUMENTATION_COMMENTS = YES;
				CLANG_WARN_EMPTY_BODY = YES;
				CLANG_WARN_ENUM_CONVERSION = YES;
				CLANG_WARN_INFINITE_RECURSION = YES;
				CLANG_WARN_INT_CONVERSION = YES;
				CLANG_WARN_NON_LITERAL_NULL_CONVERSION = YES;
				CLANG_WARN_OBJC_IMPLICIT_RETAIN_SELF = YES;
				CLANG_WARN_OBJC_LITERAL_CONVERSION = YES;
				CLANG_WARN_OBJC_ROOT_CLASS = YES_ERROR;
				CLANG_WARN_RANGE_LOOP_ANALYSIS = YES;
				CLANG_WARN_STRICT_PROTOTYPES = YES;
				CLANG_WARN_SUSPICIOUS_MOVE = YES;
				CLANG_WARN_UNGUARDED_AVAILABILITY = YES_AGGRESSIVE;
				CLANG_WARN_UNREACHABLE_CODE = YES;
				CLANG_WARN__DUPLICATE_METHOD_MATCH = YES;
				CODE_SIGN_IDENTITY = "iPhone Developer";
				COPY_PHASE_STRIP = NO;
				DEBUG_INFORMATION_FORMAT = dwarf;
				ENABLE_STRICT_OBJC_MSGSEND = YES;
				ENABLE_TESTABILITY = YES;
				GCC_C_LANGUAGE_STANDARD = gnu11;
				GCC_DYNAMIC_NO_PIC = NO;
				GCC_NO_COMMON_BLOCKS = YES;
				GCC_OPTIMIZATION_LEVEL = 0;
				GCC_PREPROCESSOR_DEFINITIONS = (
					"DEBUG=1",
					"$(inherited)",
				);
				GCC_WARN_64_TO_32_BIT_CONVERSION = YES;
				GCC_WARN_ABOUT_RETURN_TYPE = YES_ERROR;
				GCC_WARN_UNDECLARED_SELECTOR = YES;
				GCC_WARN_UNINITIALIZED_AUTOS = YES_AGGRESSIVE;
				GCC_WARN_UNUSED_FUNCTION = YES;
				GCC_WARN_UNUSED_VARIABLE = YES;
				IPHONEOS_DEPLOYMENT_TARGET = 11.4;
				MTL_ENABLE_DEBUG_INFO = YES;
				ONLY_ACTIVE_ARCH = YES;
				SDKROOT = iphoneos;
				SWIFT_ACTIVE_COMPILATION_CONDITIONS = DEBUG;
				SWIFT_OPTIMIZATION_LEVEL = "-Onone";
			};
			name = Debug;
		};
		22629FF820F68A5D004E45C6 /* Release */ = {
			isa = XCBuildConfiguration;
			buildSettings = {
				ALWAYS_SEARCH_USER_PATHS = NO;
				CLANG_ANALYZER_LOCALIZABILITY_NONLOCALIZED = YES;
				CLANG_ANALYZER_NONNULL = YES;
				CLANG_ANALYZER_NUMBER_OBJECT_CONVERSION = YES_AGGRESSIVE;
				CLANG_CXX_LANGUAGE_STANDARD = "gnu++14";
				CLANG_CXX_LIBRARY = "libc++";
				CLANG_ENABLE_MODULES = YES;
				CLANG_ENABLE_OBJC_ARC = YES;
				CLANG_ENABLE_OBJC_WEAK = YES;
				CLANG_WARN_BLOCK_CAPTURE_AUTORELEASING = YES;
				CLANG_WARN_BOOL_CONVERSION = YES;
				CLANG_WARN_COMMA = YES;
				CLANG_WARN_CONSTANT_CONVERSION = YES;
				CLANG_WARN_DEPRECATED_OBJC_IMPLEMENTATIONS = YES;
				CLANG_WARN_DIRECT_OBJC_ISA_USAGE = YES_ERROR;
				CLANG_WARN_DOCUMENTATION_COMMENTS = YES;
				CLANG_WARN_EMPTY_BODY = YES;
				CLANG_WARN_ENUM_CONVERSION = YES;
				CLANG_WARN_INFINITE_RECURSION = YES;
				CLANG_WARN_INT_CONVERSION = YES;
				CLANG_WARN_NON_LITERAL_NULL_CONVERSION = YES;
				CLANG_WARN_OBJC_IMPLICIT_RETAIN_SELF = YES;
				CLANG_WARN_OBJC_LITERAL_CONVERSION = YES;
				CLANG_WARN_OBJC_ROOT_CLASS = YES_ERROR;
				CLANG_WARN_RANGE_LOOP_ANALYSIS = YES;
				CLANG_WARN_STRICT_PROTOTYPES = YES;
				CLANG_WARN_SUSPICIOUS_MOVE = YES;
				CLANG_WARN_UNGUARDED_AVAILABILITY = YES_AGGRESSIVE;
				CLANG_WARN_UNREACHABLE_CODE = YES;
				CLANG_WARN__DUPLICATE_METHOD_MATCH = YES;
				CODE_SIGN_IDENTITY = "iPhone Developer";
				COPY_PHASE_STRIP = NO;
				DEBUG_INFORMATION_FORMAT = "dwarf-with-dsym";
				ENABLE_NS_ASSERTIONS = NO;
				ENABLE_STRICT_OBJC_MSGSEND = YES;
				GCC_C_LANGUAGE_STANDARD = gnu11;
				GCC_NO_COMMON_BLOCKS = YES;
				GCC_WARN_64_TO_32_BIT_CONVERSION = YES;
				GCC_WARN_ABOUT_RETURN_TYPE = YES_ERROR;
				GCC_WARN_UNDECLARED_SELECTOR = YES;
				GCC_WARN_UNINITIALIZED_AUTOS = YES_AGGRESSIVE;
				GCC_WARN_UNUSED_FUNCTION = YES;
				GCC_WARN_UNUSED_VARIABLE = YES;
				IPHONEOS_DEPLOYMENT_TARGET = 11.4;
				MTL_ENABLE_DEBUG_INFO = NO;
				SDKROOT = iphoneos;
				SWIFT_COMPILATION_MODE = wholemodule;
				SWIFT_OPTIMIZATION_LEVEL = "-O";
				VALIDATE_PRODUCT = YES;
			};
			name = Release;
		};
		22629FFA20F68A5D004E45C6 /* Debug */ = {
			isa = XCBuildConfiguration;
			buildSettings = {
				ASSETCATALOG_COMPILER_APPICON_NAME = AppIcon;
				CODE_SIGN_STYLE = Automatic;
				DEVELOPMENT_TEAM = 3FMVQ97S47;
				INFOPLIST_FILE = Booker/Info.plist;
				IPHONEOS_DEPLOYMENT_TARGET = 11.0;
				LD_RUNPATH_SEARCH_PATHS = (
					"$(inherited)",
					"@executable_path/Frameworks",
				);
				PRODUCT_BUNDLE_IDENTIFIER = kryg.Booker;
				PRODUCT_NAME = "$(TARGET_NAME)";
				SWIFT_VERSION = 4.0;
				TARGETED_DEVICE_FAMILY = "1,2";
			};
			name = Debug;
		};
		22629FFB20F68A5D004E45C6 /* Release */ = {
			isa = XCBuildConfiguration;
			buildSettings = {
				ASSETCATALOG_COMPILER_APPICON_NAME = AppIcon;
				CODE_SIGN_STYLE = Automatic;
				DEVELOPMENT_TEAM = 3FMVQ97S47;
				INFOPLIST_FILE = Booker/Info.plist;
				IPHONEOS_DEPLOYMENT_TARGET = 11.0;
				LD_RUNPATH_SEARCH_PATHS = (
					"$(inherited)",
					"@executable_path/Frameworks",
				);
				PRODUCT_BUNDLE_IDENTIFIER = kryg.Booker;
				PRODUCT_NAME = "$(TARGET_NAME)";
				SWIFT_VERSION = 4.0;
				TARGETED_DEVICE_FAMILY = "1,2";
			};
			name = Release;
		};
/* End XCBuildConfiguration section */

/* Begin XCConfigurationList section */
		22629FE220F68A5A004E45C6 /* Build configuration list for PBXProject "Booker" */ = {
			isa = XCConfigurationList;
			buildConfigurations = (
				22629FF720F68A5D004E45C6 /* Debug */,
				22629FF820F68A5D004E45C6 /* Release */,
			);
			defaultConfigurationIsVisible = 0;
			defaultConfigurationName = Release;
		};
		22629FF920F68A5D004E45C6 /* Build configuration list for PBXNativeTarget "Booker" */ = {
			isa = XCConfigurationList;
			buildConfigurations = (
				22629FFA20F68A5D004E45C6 /* Debug */,
				22629FFB20F68A5D004E45C6 /* Release */,
			);
			defaultConfigurationIsVisible = 0;
			defaultConfigurationName = Release;
		};
/* End XCConfigurationList section */
	};
	rootObject = 22629FDF20F68A5A004E45C6 /* Project object */;
}
